<?xml version="1.0" encoding="utf-8"?>
<Project ToolsVersion="4.0" xmlns="http://schemas.microsoft.com/developer/msbuild/2003">
  <ItemGroup>
    <Filter Include="소스 파일">
      <UniqueIdentifier>{4FC737F1-C7A5-4376-A066-2A32D752A2FF}</UniqueIdentifier>
      <Extensions>cpp;c;cc;cxx;c++;cppm;ixx;def;odl;idl;hpj;bat;asm;asmx</Extensions>
    </Filter>
    <Filter Include="헤더 파일">
      <UniqueIdentifier>{93995380-89BD-4b04-88EB-625FBE52EBFB}</UniqueIdentifier>
      <Extensions>h;hh;hpp;hxx;h++;hm;inl;inc;ipp;xsd</Extensions>
    </Filter>
    <Filter Include="리소스 파일">
      <UniqueIdentifier>{67DA6AB6-F800-4c08-8B7A-83BB121AAD01}</UniqueIdentifier>
      <Extensions>rc;ico;cur;bmp;dlg;rc2;rct;bin;rgs;gif;jpg;jpeg;jpe;resx;tiff;tif;png;wav;mfcribbon-ms</Extensions>
    </Filter>
  </ItemGroup>
  <ItemGroup>
    <ClCompile Include="..\..\..\..\..\..\TRPG_Project\TEXT RPG Merge\animation.cpp">
      <Filter>소스 파일</Filter>
    </ClCompile>
    <ClCompile Include="..\..\..\..\..\..\TRPG_Project\TEXT RPG Merge\battle.cpp">
      <Filter>소스 파일</Filter>
    </ClCompile>
    <ClCompile Include="..\..\..\..\..\..\TRPG_Project\TEXT RPG Merge\displaymap.cpp">
      <Filter>소스 파일</Filter>
    </ClCompile>
    <ClCompile Include="..\..\..\..\..\..\TRPG_Project\TEXT RPG Merge\encount.cpp">
      <Filter>소스 파일</Filter>
    </ClCompile>
    <ClCompile Include="..\..\..\..\..\..\TRPG_Project\TEXT RPG Merge\enemy.cpp">
      <Filter>소스 파일</Filter>
    </ClCompile>
    <ClCompile Include="..\..\..\..\..\..\TRPG_Project\TEXT RPG Merge\initmap.cpp">
      <Filter>소스 파일</Filter>
    </ClCompile>
    <ClCompile Include="..\..\..\..\..\..\TRPG_Project\TEXT RPG Merge\interaction.cpp">
      <Filter>소스 파일</Filter>
    </ClCompile>
    <ClCompile Include="..\..\..\..\..\..\TRPG_Project\TEXT RPG Merge\jobselect.cpp">
      <Filter>소스 파일</Filter>
    </ClCompile>
    <ClCompile Include="..\..\..\..\..\..\TRPG_Project\TEXT RPG Merge\log.cpp">
      <Filter>소스 파일</Filter>
    </ClCompile>
    <ClCompile Include="..\..\..\..\..\..\TRPG_Project\TEXT RPG Merge\npc.cpp">
      <Filter>소스 파일</Filter>
    </ClCompile>
    <ClCompile Include="..\..\..\..\..\..\TRPG_Project\TEXT RPG Merge\player.cpp">
      <Filter>소스 파일</Filter>
    </ClCompile>
    <ClCompile Include="..\..\..\..\..\..\TRPG_Project\TEXT RPG Merge\potal.cpp">
      <Filter>소스 파일</Filter>
    </ClCompile>
    <ClCompile Include="..\..\..\..\..\..\TRPG_Project\TEXT RPG Merge\potion.cpp">
      <Filter>소스 파일</Filter>
    </ClCompile>
    <ClCompile Include="..\..\..\..\..\..\TRPG_Project\TEXT RPG Merge\quest.cpp">
      <Filter>소스 파일</Filter>
    </ClCompile>
    <ClCompile Include="..\..\..\..\..\..\TRPG_Project\TEXT RPG Merge\selectmap.cpp">
      <Filter>소스 파일</Filter>
    </ClCompile>
    <ClCompile Include="..\..\..\..\..\..\TRPG_Project\TEXT RPG Merge\shop.cpp">
      <Filter>소스 파일</Filter>
    </ClCompile>
    <ClCompile Include="..\..\..\..\..\..\TRPG_Project\TEXT RPG Merge\startscreen.cpp">
      <Filter>소스 파일</Filter>
    </ClCompile>
    <ClCompile Include="..\..\..\..\..\..\TRPG_Project\TEXT RPG Merge\tutorialscreen.cpp">
      <Filter>소스 파일</Filter>
    </ClCompile>
    <ClCompile Include="..\..\..\..\..\..\TRPG_Project\TEXT RPG Merge\utility.cpp">
      <Filter>소스 파일</Filter>
    </ClCompile>
    <ClCompile Include="..\..\..\..\..\..\TRPG_Project\TEXT RPG Merge\소스.cpp">
      <Filter>소스 파일</Filter>
    </ClCompile>
  </ItemGroup>
  <ItemGroup>
    <ClInclude Include="..\..\..\..\..\..\TRPG_Project\TEXT RPG Merge\utility.h">
      <Filter>헤더 파일</Filter>
    </ClInclude>
    <ClInclude Include="..\..\..\..\..\..\TRPG_Project\TEXT RPG Merge\tutorialscreen.h">
      <Filter>헤더 파일</Filter>
    </ClInclude>
    <ClInclude Include="..\..\..\..\..\..\TRPG_Project\TEXT RPG Merge\startscreen.h">
      <Filter>헤더 파일</Filter>
    </ClInclude>
    <ClInclude Include="..\..\..\..\..\..\TRPG_Project\TEXT RPG Merge\shop.h">
      <Filter>헤더 파일</Filter>
    </ClInclude>
    <ClInclude Include="..\..\..\..\..\..\TRPG_Project\TEXT RPG Merge\selectmap.h">
      <Filter>헤더 파일</Filter>
    </ClInclude>
    <ClInclude Include="..\..\..\..\..\..\TRPG_Project\TEXT RPG Merge\quest.h">
      <Filter>헤더 파일</Filter>
    </ClInclude>
    <ClInclude Include="..\..\..\..\..\..\TRPG_Project\TEXT RPG Merge\potion.h">
      <Filter>헤더 파일</Filter>
    </ClInclude>
    <ClInclude Include="..\..\..\..\..\..\TRPG_Project\TEXT RPG Merge\potal.h">
      <Filter>헤더 파일</Filter>
    </ClInclude>
    <ClInclude Include="..\..\..\..\..\..\TRPG_Project\TEXT RPG Merge\player.h">
      <Filter>헤더 파일</Filter>
    </ClInclude>
    <ClInclude Include="..\..\..\..\..\..\TRPG_Project\TEXT RPG Merge\npc.h">
      <Filter>헤더 파일</Filter>
    </ClInclude>
    <ClInclude Include="..\..\..\..\..\..\TRPG_Project\TEXT RPG Merge\log.h">
      <Filter>헤더 파일</Filter>
    </ClInclude>
    <ClInclude Include="..\..\..\..\..\..\TRPG_Project\TEXT RPG Merge\jobselect.h">
      <Filter>헤더 파일</Filter>
    </ClInclude>
    <ClInclude Include="..\..\..\..\..\..\TRPG_Project\TEXT RPG Merge\interaction.h">
      <Filter>헤더 파일</Filter>
    </ClInclude>
    <ClInclude Include="..\..\..\..\..\..\TRPG_Project\TEXT RPG Merge\initmap.h">
      <Filter>헤더 파일</Filter>
    </ClInclude>
    <ClInclude Include="..\..\..\..\..\..\TRPG_Project\TEXT RPG Merge\enemy.h">
      <Filter>헤더 파일</Filter>
    </ClInclude>
    <ClInclude Include="..\..\..\..\..\..\TRPG_Project\TEXT RPG Merge\encount.h">
      <Filter>헤더 파일</Filter>
    </ClInclude>
    <ClInclude Include="..\..\..\..\..\..\TRPG_Project\TEXT RPG Merge\displaymap.h">
      <Filter>헤더 파일</Filter>
    </ClInclude>
    <ClInclude Include="..\..\..\..\..\..\TRPG_Project\TEXT RPG Merge\battle.h">
      <Filter>헤더 파일</Filter>
    </ClInclude>
    <ClInclude Include="..\..\..\..\..\..\TRPG_Project\TEXT RPG Merge\animation.h">
      <Filter>헤더 파일</Filter>
    </ClInclude>
  </ItemGroup>
</Project>