<?xml version="1.0" encoding="utf-8"?>
<Project ToolsVersion="4.0" xmlns="http://schemas.microsoft.com/developer/msbuild/2003">
  <ItemGroup>
    <Filter Include="소스 파일">
      <UniqueIdentifier>{4FC737F1-C7A5-4376-A066-2A32D752A2FF}</UniqueIdentifier>
      <Extensions>cpp;c;cc;cxx;c++;cppm;ixx;def;odl;idl;hpj;bat;asm;asmx</Extensions>
    </Filter>
    <Filter Include="헤더 파일">
      <UniqueIdentifier>{93995380-89BD-4b04-88EB-625FBE52EBFB}</UniqueIdentifier>
      <Extensions>h;hh;hpp;hxx;h++;hm;inl;inc;ipp;xsd</Extensions>
    </Filter>
    <Filter Include="리소스 파일">
      <UniqueIdentifier>{67DA6AB6-F800-4c08-8B7A-83BB121AAD01}</UniqueIdentifier>
      <Extensions>rc;ico;cur;bmp;dlg;rc2;rct;bin;rgs;gif;jpg;jpeg;jpe;resx;tiff;tif;png;wav;mfcribbon-ms</Extensions>
    </Filter>
  </ItemGroup>
  <ItemGroup>
    <ClCompile Include="소스.cpp">
      <Filter>소스 파일</Filter>
    </ClCompile>
    <ClCompile Include="enemy.cpp">
      <Filter>소스 파일</Filter>
    </ClCompile>
    <ClCompile Include="questmanager.cpp">
      <Filter>소스 파일</Filter>
    </ClCompile>
    <ClCompile Include="selectmap.cpp">
      <Filter>소스 파일</Filter>
    </ClCompile>
    <ClCompile Include="shop.cpp">
      <Filter>소스 파일</Filter>
    </ClCompile>
    <ClCompile Include="startscreen.cpp">
      <Filter>소스 파일</Filter>
    </ClCompile>
    <ClCompile Include="tutorialscreen.cpp">
      <Filter>소스 파일</Filter>
    </ClCompile>
    <ClCompile Include="utility.cpp">
      <Filter>소스 파일</Filter>
    </ClCompile>
    <ClCompile Include="initmap.cpp">
      <Filter>소스 파일</Filter>
    </ClCompile>
    <ClCompile Include="interaction.cpp">
      <Filter>소스 파일</Filter>
    </ClCompile>
    <ClCompile Include="item.cpp">
      <Filter>소스 파일</Filter>
    </ClCompile>
    <ClCompile Include="jobselect.cpp">
      <Filter>소스 파일</Filter>
    </ClCompile>
    <ClCompile Include="log.cpp">
      <Filter>소스 파일</Filter>
    </ClCompile>
    <ClCompile Include="npc.cpp">
      <Filter>소스 파일</Filter>
    </ClCompile>
    <ClCompile Include="player.cpp">
      <Filter>소스 파일</Filter>
    </ClCompile>
    <ClCompile Include="potal.cpp">
      <Filter>소스 파일</Filter>
    </ClCompile>
    <ClCompile Include="potion.cpp">
      <Filter>소스 파일</Filter>
    </ClCompile>
    <ClCompile Include="prologue.cpp">
      <Filter>소스 파일</Filter>
    </ClCompile>
    <ClCompile Include="prologuemap.cpp">
      <Filter>소스 파일</Filter>
    </ClCompile>
    <ClCompile Include="quest.cpp">
      <Filter>소스 파일</Filter>
    </ClCompile>
    <ClCompile Include="animation.cpp">
      <Filter>소스 파일</Filter>
    </ClCompile>
    <ClCompile Include="battle.cpp">
      <Filter>소스 파일</Filter>
    </ClCompile>
    <ClCompile Include="displaymap.cpp">
      <Filter>소스 파일</Filter>
    </ClCompile>
    <ClCompile Include="encount.cpp">
      <Filter>소스 파일</Filter>
    </ClCompile>
  </ItemGroup>
  <ItemGroup>
    <ClInclude Include="questmanager.h">
      <Filter>헤더 파일</Filter>
    </ClInclude>
    <ClInclude Include="selectmap.h">
      <Filter>헤더 파일</Filter>
    </ClInclude>
    <ClInclude Include="shop.h">
      <Filter>헤더 파일</Filter>
    </ClInclude>
    <ClInclude Include="startscreen.h">
      <Filter>헤더 파일</Filter>
    </ClInclude>
    <ClInclude Include="tutorialscreen.h">
      <Filter>헤더 파일</Filter>
    </ClInclude>
    <ClInclude Include="utility.h">
      <Filter>헤더 파일</Filter>
    </ClInclude>
    <ClInclude Include="encount.h">
      <Filter>헤더 파일</Filter>
    </ClInclude>
    <ClInclude Include="enemy.h">
      <Filter>헤더 파일</Filter>
    </ClInclude>
    <ClInclude Include="initmap.h">
      <Filter>헤더 파일</Filter>
    </ClInclude>
    <ClInclude Include="interaction.h">
      <Filter>헤더 파일</Filter>
    </ClInclude>
    <ClInclude Include="item.h">
      <Filter>헤더 파일</Filter>
    </ClInclude>
    <ClInclude Include="jobselect.h">
      <Filter>헤더 파일</Filter>
    </ClInclude>
    <ClInclude Include="log.h">
      <Filter>헤더 파일</Filter>
    </ClInclude>
    <ClInclude Include="npc.h">
      <Filter>헤더 파일</Filter>
    </ClInclude>
    <ClInclude Include="player.h">
      <Filter>헤더 파일</Filter>
    </ClInclude>
    <ClInclude Include="potal.h">
      <Filter>헤더 파일</Filter>
    </ClInclude>
    <ClInclude Include="potion.h">
      <Filter>헤더 파일</Filter>
    </ClInclude>
    <ClInclude Include="prologue.h">
      <Filter>헤더 파일</Filter>
    </ClInclude>
    <ClInclude Include="prologuemap.h">
      <Filter>헤더 파일</Filter>
    </ClInclude>
    <ClInclude Include="quest.h">
      <Filter>헤더 파일</Filter>
    </ClInclude>
    <ClInclude Include="animation.h">
      <Filter>헤더 파일</Filter>
    </ClInclude>
    <ClInclude Include="battle.h">
      <Filter>헤더 파일</Filter>
    </ClInclude>
    <ClInclude Include="displaymap.h">
      <Filter>헤더 파일</Filter>
    </ClInclude>
  </ItemGroup>
</Project>